// !$*UTF8*$!
{
	archiveVersion = 1;
	classes = {
	};
	objectVersion = 55;
	objects = {

/* Begin PBXBuildFile section */
		297E36182802CE79009E4800 /* AppDelegate.swift in Sources */ = {isa = PBXBuildFile; fileRef = 297E36172802CE79009E4800 /* AppDelegate.swift */; };
		297E361A2802CE79009E4800 /* SceneDelegate.swift in Sources */ = {isa = PBXBuildFile; fileRef = 297E36192802CE79009E4800 /* SceneDelegate.swift */; };
		297E361C2802CE79009E4800 /* CurrentLocationViewController.swift in Sources */ = {isa = PBXBuildFile; fileRef = 297E361B2802CE79009E4800 /* CurrentLocationViewController.swift */; };
		297E361F2802CE79009E4800 /* Main.storyboard in Resources */ = {isa = PBXBuildFile; fileRef = 297E361D2802CE79009E4800 /* Main.storyboard */; };
		297E36222802CE7A009E4800 /* MyLocation.xcdatamodeld in Sources */ = {isa = PBXBuildFile; fileRef = 297E36202802CE7A009E4800 /* MyLocation.xcdatamodeld */; };
		297E36242802CE7B009E4800 /* Assets.xcassets in Resources */ = {isa = PBXBuildFile; fileRef = 297E36232802CE7B009E4800 /* Assets.xcassets */; };
		297E36272802CE7B009E4800 /* LaunchScreen.storyboard in Resources */ = {isa = PBXBuildFile; fileRef = 297E36252802CE7B009E4800 /* LaunchScreen.storyboard */; };
		297E36312808091C009E4800 /* LocationDetailViewController.swift in Sources */ = {isa = PBXBuildFile; fileRef = 297E36302808091C009E4800 /* LocationDetailViewController.swift */; };
		297E363428081F5D009E4800 /* Helper.swift in Sources */ = {isa = PBXBuildFile; fileRef = 297E363328081F5D009E4800 /* Helper.swift */; };
		297E3638280826ED009E4800 /* CategoryPickerTableViewController.swift in Sources */ = {isa = PBXBuildFile; fileRef = 297E3637280826ED009E4800 /* CategoryPickerTableViewController.swift */; };
/* End PBXBuildFile section */

/* Begin PBXFileReference section */
		297E36142802CE79009E4800 /* MyLocation.app */ = {isa = PBXFileReference; explicitFileType = wrapper.application; includeInIndex = 0; path = MyLocation.app; sourceTree = BUILT_PRODUCTS_DIR; };
		297E36172802CE79009E4800 /* AppDelegate.swift */ = {isa = PBXFileReference; lastKnownFileType = sourcecode.swift; path = AppDelegate.swift; sourceTree = "<group>"; };
		297E36192802CE79009E4800 /* SceneDelegate.swift */ = {isa = PBXFileReference; lastKnownFileType = sourcecode.swift; path = SceneDelegate.swift; sourceTree = "<group>"; };
		297E361B2802CE79009E4800 /* CurrentLocationViewController.swift */ = {isa = PBXFileReference; lastKnownFileType = sourcecode.swift; path = CurrentLocationViewController.swift; sourceTree = "<group>"; };
		297E361E2802CE79009E4800 /* Base */ = {isa = PBXFileReference; lastKnownFileType = file.storyboard; name = Base; path = Base.lproj/Main.storyboard; sourceTree = "<group>"; };
		297E36212802CE7A009E4800 /* MyLocation.xcdatamodel */ = {isa = PBXFileReference; lastKnownFileType = wrapper.xcdatamodel; path = MyLocation.xcdatamodel; sourceTree = "<group>"; };
		297E36232802CE7B009E4800 /* Assets.xcassets */ = {isa = PBXFileReference; lastKnownFileType = folder.assetcatalog; path = Assets.xcassets; sourceTree = "<group>"; };
		297E36262802CE7B009E4800 /* Base */ = {isa = PBXFileReference; lastKnownFileType = file.storyboard; name = Base; path = Base.lproj/LaunchScreen.storyboard; sourceTree = "<group>"; };
		297E36282802CE7B009E4800 /* Info.plist */ = {isa = PBXFileReference; lastKnownFileType = text.plist.xml; path = Info.plist; sourceTree = "<group>"; };
		297E36302808091C009E4800 /* LocationDetailViewController.swift */ = {isa = PBXFileReference; lastKnownFileType = sourcecode.swift; path = LocationDetailViewController.swift; sourceTree = "<group>"; };
		297E363328081F5D009E4800 /* Helper.swift */ = {isa = PBXFileReference; lastKnownFileType = sourcecode.swift; path = Helper.swift; sourceTree = "<group>"; };
		297E3637280826ED009E4800 /* CategoryPickerTableViewController.swift */ = {isa = PBXFileReference; lastKnownFileType = sourcecode.swift; path = CategoryPickerTableViewController.swift; sourceTree = "<group>"; };
/* End PBXFileReference section */

/* Begin PBXFrameworksBuildPhase section */
		297E36112802CE79009E4800 /* Frameworks */ = {
			isa = PBXFrameworksBuildPhase;
			buildActionMask = 2147483647;
			files = (
			);
			runOnlyForDeploymentPostprocessing = 0;
		};
/* End PBXFrameworksBuildPhase section */

/* Begin PBXGroup section */
		297E360B2802CE79009E4800 = {
			isa = PBXGroup;
			children = (
				297E36162802CE79009E4800 /* MyLocation */,
				297E36152802CE79009E4800 /* Products */,
			);
			sourceTree = "<group>";
		};
		297E36152802CE79009E4800 /* Products */ = {
			isa = PBXGroup;
			children = (
				297E36142802CE79009E4800 /* MyLocation.app */,
			);
			name = Products;
			sourceTree = "<group>";
		};
		297E36162802CE79009E4800 /* MyLocation */ = {
			isa = PBXGroup;
			children = (
				297E36172802CE79009E4800 /* AppDelegate.swift */,
				297E36192802CE79009E4800 /* SceneDelegate.swift */,
				297E363528081F7A009E4800 /* Utils */,
				297E362F2802D0E5009E4800 /* CurrentLocation */,
				297E363228080932009E4800 /* LocationDetailViewController */,
				297E3636280826B5009E4800 /* CategoryPickerTableViewController */,
				297E362E2802D0D4009E4800 /* Storyboards */,
				297E36232802CE7B009E4800 /* Assets.xcassets */,
				297E36282802CE7B009E4800 /* Info.plist */,
				297E36202802CE7A009E4800 /* MyLocation.xcdatamodeld */,
			);
			path = MyLocation;
			sourceTree = "<group>";
		};
		297E362E2802D0D4009E4800 /* Storyboards */ = {
			isa = PBXGroup;
			children = (
				297E361D2802CE79009E4800 /* Main.storyboard */,
				297E36252802CE7B009E4800 /* LaunchScreen.storyboard */,
			);
			path = Storyboards;
			sourceTree = "<group>";
		};
		297E362F2802D0E5009E4800 /* CurrentLocation */ = {
			isa = PBXGroup;
			children = (
				297E361B2802CE79009E4800 /* CurrentLocationViewController.swift */,
			);
			path = CurrentLocation;
			sourceTree = "<group>";
		};
		297E363228080932009E4800 /* LocationDetailViewController */ = {
			isa = PBXGroup;
			children = (
				297E36302808091C009E4800 /* LocationDetailViewController.swift */,
			);
			path = LocationDetailViewController;
			sourceTree = "<group>";
		};
		297E363528081F7A009E4800 /* Utils */ = {
			isa = PBXGroup;
			children = (
				297E363328081F5D009E4800 /* Helper.swift */,
			);
			path = Utils;
			sourceTree = "<group>";
		};
		297E3636280826B5009E4800 /* CategoryPickerTableViewController */ = {
			isa = PBXGroup;
			children = (
				297E3637280826ED009E4800 /* CategoryPickerTableViewController.swift */,
			);
			path = CategoryPickerTableViewController;
			sourceTree = "<group>";
		};
/* End PBXGroup section */

/* Begin PBXNativeTarget section */
		297E36132802CE79009E4800 /* MyLocation */ = {
			isa = PBXNativeTarget;
			buildConfigurationList = 297E362B2802CE7B009E4800 /* Build configuration list for PBXNativeTarget "MyLocation" */;
			buildPhases = (
				297E36102802CE79009E4800 /* Sources */,
				297E36112802CE79009E4800 /* Frameworks */,
				297E36122802CE79009E4800 /* Resources */,
			);
			buildRules = (
			);
			dependencies = (
			);
			name = MyLocation;
			productName = MyLocation;
			productReference = 297E36142802CE79009E4800 /* MyLocation.app */;
			productType = "com.apple.product-type.application";
		};
/* End PBXNativeTarget section */

/* Begin PBXProject section */
		297E360C2802CE79009E4800 /* Project object */ = {
			isa = PBXProject;
			attributes = {
				BuildIndependentTargetsInParallel = 1;
				LastSwiftUpdateCheck = 1320;
				LastUpgradeCheck = 1320;
				TargetAttributes = {
					297E36132802CE79009E4800 = {
						CreatedOnToolsVersion = 13.2.1;
					};
				};
			};
			buildConfigurationList = 297E360F2802CE79009E4800 /* Build configuration list for PBXProject "MyLocation" */;
			compatibilityVersion = "Xcode 13.0";
			developmentRegion = en;
			hasScannedForEncodings = 0;
			knownRegions = (
				en,
				Base,
			);
			mainGroup = 297E360B2802CE79009E4800;
			productRefGroup = 297E36152802CE79009E4800 /* Products */;
			projectDirPath = "";
			projectRoot = "";
			targets = (
				297E36132802CE79009E4800 /* MyLocation */,
			);
		};
/* End PBXProject section */

/* Begin PBXResourcesBuildPhase section */
		297E36122802CE79009E4800 /* Resources */ = {
			isa = PBXResourcesBuildPhase;
			buildActionMask = 2147483647;
			files = (
				297E36272802CE7B009E4800 /* LaunchScreen.storyboard in Resources */,
				297E36242802CE7B009E4800 /* Assets.xcassets in Resources */,
				297E361F2802CE79009E4800 /* Main.storyboard in Resources */,
			);
			runOnlyForDeploymentPostprocessing = 0;
		};
/* End PBXResourcesBuildPhase section */

/* Begin PBXSourcesBuildPhase section */
		297E36102802CE79009E4800 /* Sources */ = {
			isa = PBXSourcesBuildPhase;
			buildActionMask = 2147483647;
			files = (
				297E361C2802CE79009E4800 /* CurrentLocationViewController.swift in Sources */,
				297E36182802CE79009E4800 /* AppDelegate.swift in Sources */,
				297E36222802CE7A009E4800 /* MyLocation.xcdatamodeld in Sources */,
				297E361A2802CE79009E4800 /* SceneDelegate.swift in Sources */,
				297E3638280826ED009E4800 /* CategoryPickerTableViewController.swift in Sources */,
				297E36312808091C009E4800 /* LocationDetailViewController.swift in Sources */,
				297E363428081F5D009E4800 /* Helper.swift in Sources */,
			);
			runOnlyForDeploymentPostprocessing = 0;
		};
/* End PBXSourcesBuildPhase section */

/* Begin PBXVariantGroup section */
		297E361D2802CE79009E4800 /* Main.storyboard */ = {
			isa = PBXVariantGroup;
			children = (
				297E361E2802CE79009E4800 /* Base */,
			);
			name = Main.storyboard;
			sourceTree = "<group>";
		};
		297E36252802CE7B009E4800 /* LaunchScreen.storyboard */ = {
			isa = PBXVariantGroup;
			children = (
				297E36262802CE7B009E4800 /* Base */,
			);
			name = LaunchScreen.storyboard;
			sourceTree = "<group>";
		};
/* End PBXVariantGroup section */

/* Begin XCBuildConfiguration section */
		297E36292802CE7B009E4800 /* Debug */ = {
			isa = XCBuildConfiguration;
			buildSettings = {
				ALWAYS_SEARCH_USER_PATHS = NO;
				CLANG_ANALYZER_NONNULL = YES;
				CLANG_ANALYZER_NUMBER_OBJECT_CONVERSION = YES_AGGRESSIVE;
				CLANG_CXX_LANGUAGE_STANDARD = "gnu++17";
				CLANG_CXX_LIBRARY = "libc++";
				CLANG_ENABLE_MODULES = YES;
				CLANG_ENABLE_OBJC_ARC = YES;
				CLANG_ENABLE_OBJC_WEAK = YES;
				CLANG_WARN_BLOCK_CAPTURE_AUTORELEASING = YES;
				CLANG_WARN_BOOL_CONVERSION = YES;
				CLANG_WARN_COMMA = YES;
				CLANG_WARN_CONSTANT_CONVERSION = YES;
				CLANG_WARN_DEPRECATED_OBJC_IMPLEMENTATIONS = YES;
				CLANG_WARN_DIRECT_OBJC_ISA_USAGE = YES_ERROR;
				CLANG_WARN_DOCUMENTATION_COMMENTS = YES;
				CLANG_WARN_EMPTY_BODY = YES;
				CLANG_WARN_ENUM_CONVERSION = YES;
				CLANG_WARN_INFINITE_RECURSION = YES;
				CLANG_WARN_INT_CONVERSION = YES;
				CLANG_WARN_NON_LITERAL_NULL_CONVERSION = YES;
				CLANG_WARN_OBJC_IMPLICIT_RETAIN_SELF = YES;
				CLANG_WARN_OBJC_LITERAL_CONVERSION = YES;
				CLANG_WARN_OBJC_ROOT_CLASS = YES_ERROR;
				CLANG_WARN_QUOTED_INCLUDE_IN_FRAMEWORK_HEADER = YES;
				CLANG_WARN_RANGE_LOOP_ANALYSIS = YES;
				CLANG_WARN_STRICT_PROTOTYPES = YES;
				CLANG_WARN_SUSPICIOUS_MOVE = YES;
				CLANG_WARN_UNGUARDED_AVAILABILITY = YES_AGGRESSIVE;
				CLANG_WARN_UNREACHABLE_CODE = YES;
				CLANG_WARN__DUPLICATE_METHOD_MATCH = YES;
				COPY_PHASE_STRIP = NO;
				DEBUG_INFORMATION_FORMAT = dwarf;
				ENABLE_STRICT_OBJC_MSGSEND = YES;
				ENABLE_TESTABILITY = YES;
				GCC_C_LANGUAGE_STANDARD = gnu11;
				GCC_DYNAMIC_NO_PIC = NO;
				GCC_NO_COMMON_BLOCKS = YES;
				GCC_OPTIMIZATION_LEVEL = 0;
				GCC_PREPROCESSOR_DEFINITIONS = (
					"DEBUG=1",
					"$(inherited)",
				);
				GCC_WARN_64_TO_32_BIT_CONVERSION = YES;
				GCC_WARN_ABOUT_RETURN_TYPE = YES_ERROR;
				GCC_WARN_UNDECLARED_SELECTOR = YES;
				GCC_WARN_UNINITIALIZED_AUTOS = YES_AGGRESSIVE;
				GCC_WARN_UNUSED_FUNCTION = YES;
				GCC_WARN_UNUSED_VARIABLE = YES;
				IPHONEOS_DEPLOYMENT_TARGET = 15.2;
				MTL_ENABLE_DEBUG_INFO = INCLUDE_SOURCE;
				MTL_FAST_MATH = YES;
				ONLY_ACTIVE_ARCH = YES;
				SDKROOT = iphoneos;
				SWIFT_ACTIVE_COMPILATION_CONDITIONS = DEBUG;
				SWIFT_OPTIMIZATION_LEVEL = "-Onone";
			};
			name = Debug;
		};
		297E362A2802CE7B009E4800 /* Release */ = {
			isa = XCBuildConfiguration;
			buildSettings = {
				ALWAYS_SEARCH_USER_PATHS = NO;
				CLANG_ANALYZER_NONNULL = YES;
				CLANG_ANALYZER_NUMBER_OBJECT_CONVERSION = YES_AGGRESSIVE;
				CLANG_CXX_LANGUAGE_STANDARD = "gnu++17";
				CLANG_CXX_LIBRARY = "libc++";
				CLANG_ENABLE_MODULES = YES;
				CLANG_ENABLE_OBJC_ARC = YES;
				CLANG_ENABLE_OBJC_WEAK = YES;
				CLANG_WARN_BLOCK_CAPTURE_AUTORELEASING = YES;
				CLANG_WARN_BOOL_CONVERSION = YES;
				CLANG_WARN_COMMA = YES;
				CLANG_WARN_CONSTANT_CONVERSION = YES;
				CLANG_WARN_DEPRECATED_OBJC_IMPLEMENTATIONS = YES;
				CLANG_WARN_DIRECT_OBJC_ISA_USAGE = YES_ERROR;
				CLANG_WARN_DOCUMENTATION_COMMENTS = YES;
				CLANG_WARN_EMPTY_BODY = YES;
				CLANG_WARN_ENUM_CONVERSION = YES;
				CLANG_WARN_INFINITE_RECURSION = YES;
				CLANG_WARN_INT_CONVERSION = YES;
				CLANG_WARN_NON_LITERAL_NULL_CONVERSION = YES;
				CLANG_WARN_OBJC_IMPLICIT_RETAIN_SELF = YES;
				CLANG_WARN_OBJC_LITERAL_CONVERSION = YES;
				CLANG_WARN_OBJC_ROOT_CLASS = YES_ERROR;
				CLANG_WARN_QUOTED_INCLUDE_IN_FRAMEWORK_HEADER = YES;
				CLANG_WARN_RANGE_LOOP_ANALYSIS = YES;
				CLANG_WARN_STRICT_PROTOTYPES = YES;
				CLANG_WARN_SUSPICIOUS_MOVE = YES;
				CLANG_WARN_UNGUARDED_AVAILABILITY = YES_AGGRESSIVE;
				CLANG_WARN_UNREACHABLE_CODE = YES;
				CLANG_WARN__DUPLICATE_METHOD_MATCH = YES;
				COPY_PHASE_STRIP = NO;
				DEBUG_INFORMATION_FORMAT = "dwarf-with-dsym";
				ENABLE_NS_ASSERTIONS = NO;
				ENABLE_STRICT_OBJC_MSGSEND = YES;
				GCC_C_LANGUAGE_STANDARD = gnu11;
				GCC_NO_COMMON_BLOCKS = YES;
				GCC_WARN_64_TO_32_BIT_CONVERSION = YES;
				GCC_WARN_ABOUT_RETURN_TYPE = YES_ERROR;
				GCC_WARN_UNDECLARED_SELECTOR = YES;
				GCC_WARN_UNINITIALIZED_AUTOS = YES_AGGRESSIVE;
				GCC_WARN_UNUSED_FUNCTION = YES;
				GCC_WARN_UNUSED_VARIABLE = YES;
				IPHONEOS_DEPLOYMENT_TARGET = 15.2;
				MTL_ENABLE_DEBUG_INFO = NO;
				MTL_FAST_MATH = YES;
				SDKROOT = iphoneos;
				SWIFT_COMPILATION_MODE = wholemodule;
				SWIFT_OPTIMIZATION_LEVEL = "-O";
				VALIDATE_PRODUCT = YES;
			};
			name = Release;
		};
		297E362C2802CE7B009E4800 /* Debug */ = {
			isa = XCBuildConfiguration;
			buildSettings = {
				ASSETCATALOG_COMPILER_APPICON_NAME = AppIcon;
				ASSETCATALOG_COMPILER_GLOBAL_ACCENT_COLOR_NAME = AccentColor;
				CODE_SIGN_STYLE = Automatic;
				CURRENT_PROJECT_VERSION = 1;
				DEVELOPMENT_TEAM = 32A46KSFC5;
				GENERATE_INFOPLIST_FILE = YES;
				INFOPLIST_FILE = MyLocation/Info.plist;
				INFOPLIST_KEY_NSLocationWhenInUseUsageDescription = "This app lets you keep track of interesting places. It need access to GPS coordinates for your location.";
				INFOPLIST_KEY_UIApplicationSupportsIndirectInputEvents = YES;
				INFOPLIST_KEY_UILaunchStoryboardName = LaunchScreen;
				INFOPLIST_KEY_UIMainStoryboardFile = Main;
				INFOPLIST_KEY_UIRequiredDeviceCapabilities = "location-services";
				INFOPLIST_KEY_UISupportedInterfaceOrientations = UIInterfaceOrientationPortrait;
				INFOPLIST_KEY_UISupportedInterfaceOrientations_iPad = "UIInterfaceOrientationPortrait UIInterfaceOrientationPortraitUpsideDown UIInterfaceOrientationLandscapeLeft UIInterfaceOrientationLandscapeRight";
				INFOPLIST_KEY_UISupportedInterfaceOrientations_iPhone = "UIInterfaceOrientationPortrait UIInterfaceOrientationLandscapeLeft UIInterfaceOrientationLandscapeRight";
				LD_RUNPATH_SEARCH_PATHS = (
					"$(inherited)",
					"@executable_path/Frameworks",
				);
				MARKETING_VERSION = 1.0;
				PRODUCT_BUNDLE_IDENTIFIER = MksMil.MyLocation;
				PRODUCT_NAME = "$(TARGET_NAME)";
				SWIFT_EMIT_LOC_STRINGS = YES;
				SWIFT_VERSION = 5.0;
				TARGETED_DEVICE_FAMILY = "1,2";
			};
			name = Debug;
		};
		297E362D2802CE7B009E4800 /* Release */ = {
			isa = XCBuildConfiguration;
			buildSettings = {
				ASSETCATALOG_COMPILER_APPICON_NAME = AppIcon;
				ASSETCATALOG_COMPILER_GLOBAL_ACCENT_COLOR_NAME = AccentColor;
				CODE_SIGN_STYLE = Automatic;
				CURRENT_PROJECT_VERSION = 1;
				DEVELOPMENT_TEAM = 32A46KSFC5;
				GENERATE_INFOPLIST_FILE = YES;
				INFOPLIST_FILE = MyLocation/Info.plist;
				INFOPLIST_KEY_NSLocationWhenInUseUsageDescription = "This app lets you keep track of interesting places. It need access to GPS coordinates for your location.";
				INFOPLIST_KEY_UIApplicationSupportsIndirectInputEvents = YES;
				INFOPLIST_KEY_UILaunchStoryboardName = LaunchScreen;
				INFOPLIST_KEY_UIMainStoryboardFile = Main;
				INFOPLIST_KEY_UIRequiredDeviceCapabilities = "location-services";
				INFOPLIST_KEY_UISupportedInterfaceOrientations = UIInterfaceOrientationPortrait;
				INFOPLIST_KEY_UISupportedInterfaceOrientations_iPad = "UIInterfaceOrientationPortrait UIInterfaceOrientationPortraitUpsideDown UIInterfaceOrientationLandscapeLeft UIInterfaceOrientationLandscapeRight";
				INFOPLIST_KEY_UISupportedInterfaceOrientations_iPhone = "UIInterfaceOrientationPortrait UIInterfaceOrientationLandscapeLeft UIInterfaceOrientationLandscapeRight";
				LD_RUNPATH_SEARCH_PATHS = (
					"$(inherited)",
					"@executable_path/Frameworks",
				);
				MARKETING_VERSION = 1.0;
				PRODUCT_BUNDLE_IDENTIFIER = MksMil.MyLocation;
				PRODUCT_NAME = "$(TARGET_NAME)";
				SWIFT_EMIT_LOC_STRINGS = YES;
				SWIFT_VERSION = 5.0;
				TARGETED_DEVICE_FAMILY = "1,2";
			};
			name = Release;
		};
/* End XCBuildConfiguration section */

/* Begin XCConfigurationList section */
		297E360F2802CE79009E4800 /* Build configuration list for PBXProject "MyLocation" */ = {
			isa = XCConfigurationList;
			buildConfigurations = (
				297E36292802CE7B009E4800 /* Debug */,
				297E362A2802CE7B009E4800 /* Release */,
			);
			defaultConfigurationIsVisible = 0;
			defaultConfigurationName = Release;
		};
		297E362B2802CE7B009E4800 /* Build configuration list for PBXNativeTarget "MyLocation" */ = {
			isa = XCConfigurationList;
			buildConfigurations = (
				297E362C2802CE7B009E4800 /* Debug */,
				297E362D2802CE7B009E4800 /* Release */,
			);
			defaultConfigurationIsVisible = 0;
			defaultConfigurationName = Release;
		};
/* End XCConfigurationList section */

/* Begin XCVersionGroup section */
		297E36202802CE7A009E4800 /* MyLocation.xcdatamodeld */ = {
			isa = XCVersionGroup;
			children = (
				297E36212802CE7A009E4800 /* MyLocation.xcdatamodel */,
			);
			currentVersion = 297E36212802CE7A009E4800 /* MyLocation.xcdatamodel */;
			path = MyLocation.xcdatamodeld;
			sourceTree = "<group>";
			versionGroupType = wrapper.xcdatamodel;
		};
/* End XCVersionGroup section */
	};
	rootObject = 297E360C2802CE79009E4800 /* Project object */;
}
